
Microsoft Visual Studio Solution File, Format Version 12.00
# Visual Studio Version 17
VisualStudioVersion = 17.0.31903.59
MinimumVisualStudioVersion = 10.0.40219.1
Project("{FAE04EC0-301F-11D3-BF4B-00C04F79EFBC}") = "APIProject.API", "APIProject.API\APIProject.API.csproj", "{E1B51893-21EA-4374-9432-677A27DA9A79}"
EndProject
Project("{FAE04EC0-301F-11D3-BF4B-00C04F79EFBC}") = "APIProject.Application", "APIProject.Application\APIProject.Application.csproj", "{34B9C324-9447-4FF9-B40A-1BE9382C547E}"
EndProject
Project("{FAE04EC0-301F-11D3-BF4B-00C04F79EFBC}") = "APIProject.Domain", "APIProject.Domain\APIProject.Domain.csproj", "{1B4527F4-E214-4D6E-B99A-2EE8D7A5D25B}"
EndProject
Project("{FAE04EC0-301F-11D3-BF4B-00C04F79EFBC}") = "APIProject.Infrastructure", "APIProject.Infrastructure\APIProject.Infrastructure.csproj", "{A80619E3-54C6-4964-9CEC-FE4BBF527C63}"
EndProject
Project("{2150E333-8FDC-42A3-9474-1A3956D46DE8}") = "src", "src", "{02EA681E-C7D8-13C7-8484-4AC65E1B71E8}"
EndProject
Project("{FAE04EC0-301F-11D3-BF4B-00C04F79EFBC}") = "APIProject.IntegrationTests", "APIProject.IntegrationTests\APIProject.IntegrationTests.csproj", "{229440F0-D343-5BA4-28D9-BA9F33F8109A}"
EndProject
Project("{FAE04EC0-301F-11D3-BF4B-00C04F79EFBC}") = "APIProject.UnitTests", "APIProject.UnitTests\APIProject.UnitTests.csproj", "{D1359097-5E3D-D382-62BF-7A52971EDF67}"
EndProject
Project("{2150E333-8FDC-42A3-9474-1A3956D46DE8}") = "test", "test", "{62CB0042-B39C-4680-923F-3B98CE6ED4D7}"
EndProject
Global
	GlobalSection(SolutionConfigurationPlatforms) = preSolution
		Debug|Any CPU = Debug|Any CPU
		Debug|x64 = Debug|x64
		Debug|x86 = Debug|x86
		Release|Any CPU = Release|Any CPU
		Release|x64 = Release|x64
		Release|x86 = Release|x86
	EndGlobalSection
	GlobalSection(ProjectConfigurationPlatforms) = postSolution
		{E1B51893-21EA-4374-9432-677A27DA9A79}.Debug|Any CPU.ActiveCfg = Debug|Any CPU
		{E1B51893-21EA-4374-9432-677A27DA9A79}.Debug|Any CPU.Build.0 = Debug|Any CPU
		{E1B51893-21EA-4374-9432-677A27DA9A79}.Debug|x64.ActiveCfg = Debug|Any CPU
		{E1B51893-21EA-4374-9432-677A27DA9A79}.Debug|x64.Build.0 = Debug|Any CPU
		{E1B51893-21EA-4374-9432-677A27DA9A79}.Debug|x86.ActiveCfg = Debug|Any CPU
		{E1B51893-21EA-4374-9432-677A27DA9A79}.Debug|x86.Build.0 = Debug|Any CPU
		{E1B51893-21EA-4374-9432-677A27DA9A79}.Release|Any CPU.ActiveCfg = Release|Any CPU
		{E1B51893-21EA-4374-9432-677A27DA9A79}.Release|Any CPU.Build.0 = Release|Any CPU
		{E1B51893-21EA-4374-9432-677A27DA9A79}.Release|x64.ActiveCfg = Release|Any CPU
		{E1B51893-21EA-4374-9432-677A27DA9A79}.Release|x64.Build.0 = Release|Any CPU
		{E1B51893-21EA-4374-9432-677A27DA9A79}.Release|x86.ActiveCfg = Release|Any CPU
		{E1B51893-21EA-4374-9432-677A27DA9A79}.Release|x86.Build.0 = Release|Any CPU
		{34B9C324-9447-4FF9-B40A-1BE9382C547E}.Debug|Any CPU.ActiveCfg = Debug|Any CPU
		{34B9C324-9447-4FF9-B40A-1BE9382C547E}.Debug|Any CPU.Build.0 = Debug|Any CPU
		{34B9C324-9447-4FF9-B40A-1BE9382C547E}.Debug|x64.ActiveCfg = Debug|Any CPU
		{34B9C324-9447-4FF9-B40A-1BE9382C547E}.Debug|x64.Build.0 = Debug|Any CPU
		{34B9C324-9447-4FF9-B40A-1BE9382C547E}.Debug|x86.ActiveCfg = Debug|Any CPU
		{34B9C324-9447-4FF9-B40A-1BE9382C547E}.Debug|x86.Build.0 = Debug|Any CPU
		{34B9C324-9447-4FF9-B40A-1BE9382C547E}.Release|Any CPU.ActiveCfg = Release|Any CPU
		{34B9C324-9447-4FF9-B40A-1BE9382C547E}.Release|Any CPU.Build.0 = Release|Any CPU
		{34B9C324-9447-4FF9-B40A-1BE9382C547E}.Release|x64.ActiveCfg = Release|Any CPU
		{34B9C324-9447-4FF9-B40A-1BE9382C547E}.Release|x64.Build.0 = Release|Any CPU
		{34B9C324-9447-4FF9-B40A-1BE9382C547E}.Release|x86.ActiveCfg = Release|Any CPU
		{34B9C324-9447-4FF9-B40A-1BE9382C547E}.Release|x86.Build.0 = Release|Any CPU
		{1B4527F4-E214-4D6E-B99A-2EE8D7A5D25B}.Debug|Any CPU.ActiveCfg = Debug|Any CPU
		{1B4527F4-E214-4D6E-B99A-2EE8D7A5D25B}.Debug|Any CPU.Build.0 = Debug|Any CPU
		{1B4527F4-E214-4D6E-B99A-2EE8D7A5D25B}.Debug|x64.ActiveCfg = Debug|Any CPU
		{1B4527F4-E214-4D6E-B99A-2EE8D7A5D25B}.Debug|x64.Build.0 = Debug|Any CPU
		{1B4527F4-E214-4D6E-B99A-2EE8D7A5D25B}.Debug|x86.ActiveCfg = Debug|Any CPU
		{1B4527F4-E214-4D6E-B99A-2EE8D7A5D25B}.Debug|x86.Build.0 = Debug|Any CPU
		{1B4527F4-E214-4D6E-B99A-2EE8D7A5D25B}.Release|Any CPU.ActiveCfg = Release|Any CPU
		{1B4527F4-E214-4D6E-B99A-2EE8D7A5D25B}.Release|Any CPU.Build.0 = Release|Any CPU
		{1B4527F4-E214-4D6E-B99A-2EE8D7A5D25B}.Release|x64.ActiveCfg = Release|Any CPU
		{1B4527F4-E214-4D6E-B99A-2EE8D7A5D25B}.Release|x64.Build.0 = Release|Any CPU
		{1B4527F4-E214-4D6E-B99A-2EE8D7A5D25B}.Release|x86.ActiveCfg = Release|Any CPU
		{1B4527F4-E214-4D6E-B99A-2EE8D7A5D25B}.Release|x86.Build.0 = Release|Any CPU
		{A80619E3-54C6-4964-9CEC-FE4BBF527C63}.Debug|Any CPU.ActiveCfg = Debug|Any CPU
		{A80619E3-54C6-4964-9CEC-FE4BBF527C63}.Debug|Any CPU.Build.0 = Debug|Any CPU
		{A80619E3-54C6-4964-9CEC-FE4BBF527C63}.Debug|x64.ActiveCfg = Debug|Any CPU
		{A80619E3-54C6-4964-9CEC-FE4BBF527C63}.Debug|x64.Build.0 = Debug|Any CPU
		{A80619E3-54C6-4964-9CEC-FE4BBF527C63}.Debug|x86.ActiveCfg = Debug|Any CPU
		{A80619E3-54C6-4964-9CEC-FE4BBF527C63}.Debug|x86.Build.0 = Debug|Any CPU
		{A80619E3-54C6-4964-9CEC-FE4BBF527C63}.Release|Any CPU.ActiveCfg = Release|Any CPU
		{A80619E3-54C6-4964-9CEC-FE4BBF527C63}.Release|Any CPU.Build.0 = Release|Any CPU
		{A80619E3-54C6-4964-9CEC-FE4BBF527C63}.Release|x64.ActiveCfg = Release|Any CPU
		{A80619E3-54C6-4964-9CEC-FE4BBF527C63}.Release|x64.Build.0 = Release|Any CPU
		{A80619E3-54C6-4964-9CEC-FE4BBF527C63}.Release|x86.ActiveCfg = Release|Any CPU
		{A80619E3-54C6-4964-9CEC-FE4BBF527C63}.Release|x86.Build.0 = Release|Any CPU
		{229440F0-D343-5BA4-28D9-BA9F33F8109A}.Debug|Any CPU.ActiveCfg = Debug|Any CPU
		{229440F0-D343-5BA4-28D9-BA9F33F8109A}.Debug|Any CPU.Build.0 = Debug|Any CPU
		{229440F0-D343-5BA4-28D9-BA9F33F8109A}.Debug|x64.ActiveCfg = Debug|Any CPU
		{229440F0-D343-5BA4-28D9-BA9F33F8109A}.Debug|x64.Build.0 = Debug|Any CPU
		{229440F0-D343-5BA4-28D9-BA9F33F8109A}.Debug|x86.ActiveCfg = Debug|Any CPU
		{229440F0-D343-5BA4-28D9-BA9F33F8109A}.Debug|x86.Build.0 = Debug|Any CPU
		{229440F0-D343-5BA4-28D9-BA9F33F8109A}.Release|Any CPU.ActiveCfg = Release|Any CPU
		{229440F0-D343-5BA4-28D9-BA9F33F8109A}.Release|Any CPU.Build.0 = Release|Any CPU
		{229440F0-D343-5BA4-28D9-BA9F33F8109A}.Release|x64.ActiveCfg = Release|Any CPU
		{229440F0-D343-5BA4-28D9-BA9F33F8109A}.Release|x64.Build.0 = Release|Any CPU
		{229440F0-D343-5BA4-28D9-BA9F33F8109A}.Release|x86.ActiveCfg = Release|Any CPU
		{229440F0-D343-5BA4-28D9-BA9F33F8109A}.Release|x86.Build.0 = Release|Any CPU
		{D1359097-5E3D-D382-62BF-7A52971EDF67}.Debug|Any CPU.ActiveCfg = Debug|Any CPU
		{D1359097-5E3D-D382-62BF-7A52971EDF67}.Debug|Any CPU.Build.0 = Debug|Any CPU
		{D1359097-5E3D-D382-62BF-7A52971EDF67}.Debug|x64.ActiveCfg = Debug|Any CPU
		{D1359097-5E3D-D382-62BF-7A52971EDF67}.Debug|x64.Build.0 = Debug|Any CPU
		{D1359097-5E3D-D382-62BF-7A52971EDF67}.Debug|x86.ActiveCfg = Debug|Any CPU
		{D1359097-5E3D-D382-62BF-7A52971EDF67}.Debug|x86.Build.0 = Debug|Any CPU
		{D1359097-5E3D-D382-62BF-7A52971EDF67}.Release|Any CPU.ActiveCfg = Release|Any CPU
		{D1359097-5E3D-D382-62BF-7A52971EDF67}.Release|Any CPU.Build.0 = Release|Any CPU
		{D1359097-5E3D-D382-62BF-7A52971EDF67}.Release|x64.ActiveCfg = Release|Any CPU
		{D1359097-5E3D-D382-62BF-7A52971EDF67}.Release|x64.Build.0 = Release|Any CPU
		{D1359097-5E3D-D382-62BF-7A52971EDF67}.Release|x86.ActiveCfg = Release|Any CPU
		{D1359097-5E3D-D382-62BF-7A52971EDF67}.Release|x86.Build.0 = Release|Any CPU
	EndGlobalSection
	GlobalSection(SolutionProperties) = preSolution
		HideSolutionNode = FALSE
	EndGlobalSection
	GlobalSection(NestedProjects) = preSolution
		{E1B51893-21EA-4374-9432-677A27DA9A79} = {02EA681E-C7D8-13C7-8484-4AC65E1B71E8}
		{34B9C324-9447-4FF9-B40A-1BE9382C547E} = {02EA681E-C7D8-13C7-8484-4AC65E1B71E8}
		{1B4527F4-E214-4D6E-B99A-2EE8D7A5D25B} = {02EA681E-C7D8-13C7-8484-4AC65E1B71E8}
		{A80619E3-54C6-4964-9CEC-FE4BBF527C63} = {02EA681E-C7D8-13C7-8484-4AC65E1B71E8}
		{229440F0-D343-5BA4-28D9-BA9F33F8109A} = {62CB0042-B39C-4680-923F-3B98CE6ED4D7}
		{D1359097-5E3D-D382-62BF-7A52971EDF67} = {62CB0042-B39C-4680-923F-3B98CE6ED4D7}
	EndGlobalSection
	GlobalSection(ExtensibilityGlobals) = postSolution
		SolutionGuid = {D61E2EED-9E6F-4B6A-B26B-DB89AFC1F262}
	EndGlobalSection
EndGlobal
